
Microsoft Visual Studio Solution File, Format Version 12.00
# Visual Studio Version 17
VisualStudioVersion = 17.1.32210.238
MinimumVisualStudioVersion = 10.0.40219.1
Project("{9A19103F-16F7-4668-BE54-9A1E7A4F7556}") = "Store", "Store\Store.csproj", "{F608F5B7-E818-42C2-93F8-D936C277F6D5}"
EndProject
Global
	GlobalSection(SolutionConfigurationPlatforms) = preSolution
		Debug|Any CPU = Debug|Any CPU
		Release|Any CPU = Release|Any CPU
	EndGlobalSection
	GlobalSection(ProjectConfigurationPlatforms) = postSolution
		{F608F5B7-E818-42C2-93F8-D936C277F6D5}.Debug|Any CPU.ActiveCfg = Debug|Any CPU
		{F608F5B7-E818-42C2-93F8-D936C277F6D5}.Debug|Any CPU.Build.0 = Debug|Any CPU
		{F608F5B7-E818-42C2-93F8-D936C277F6D5}.Release|Any CPU.ActiveCfg = Release|Any CPU
		{F608F5B7-E818-42C2-93F8-D936C277F6D5}.Release|Any CPU.Build.0 = Release|Any CPU
	EndGlobalSection
	GlobalSection(SolutionProperties) = preSolution
		HideSolutionNode = FALSE
	EndGlobalSection
	GlobalSection(ExtensibilityGlobals) = postSolution
		SolutionGuid = {A6BAD63A-406A-40EC-BEB8-D1151C93A25F}
	EndGlobalSection
EndGlobal
